
Microsoft Visual Studio Solution File, Format Version 12.00
# Visual Studio 15
VisualStudioVersion = 15.0.27703.2000
MinimumVisualStudioVersion = 10.0.40219.1
Project("{9A19103F-16F7-4668-BE54-9A1E7A4F7556}") = "DBMProject", "DBMProject\DBMProject.csproj", "{657564A8-70E6-452F-96B0-1BCC7F5D77A7}"
EndProject
Project("{FAE04EC0-301F-11D3-BF4B-00C04F79EFBC}") = "NavegationTests", "NavegationTests\NavegationTests.csproj", "{A62FDEB0-02D5-49E3-A88E-89B0E4C57EF9}"
EndProject
Global
	GlobalSection(SolutionConfigurationPlatforms) = preSolution
		Debug|Any CPU = Debug|Any CPU
		Release|Any CPU = Release|Any CPU
	EndGlobalSection
	GlobalSection(ProjectConfigurationPlatforms) = postSolution
		{657564A8-70E6-452F-96B0-1BCC7F5D77A7}.Debug|Any CPU.ActiveCfg = Debug|Any CPU
		{657564A8-70E6-452F-96B0-1BCC7F5D77A7}.Debug|Any CPU.Build.0 = Debug|Any CPU
		{657564A8-70E6-452F-96B0-1BCC7F5D77A7}.Release|Any CPU.ActiveCfg = Release|Any CPU
		{657564A8-70E6-452F-96B0-1BCC7F5D77A7}.Release|Any CPU.Build.0 = Release|Any CPU
		{A62FDEB0-02D5-49E3-A88E-89B0E4C57EF9}.Debug|Any CPU.ActiveCfg = Debug|Any CPU
		{A62FDEB0-02D5-49E3-A88E-89B0E4C57EF9}.Debug|Any CPU.Build.0 = Debug|Any CPU
		{A62FDEB0-02D5-49E3-A88E-89B0E4C57EF9}.Release|Any CPU.ActiveCfg = Release|Any CPU
		{A62FDEB0-02D5-49E3-A88E-89B0E4C57EF9}.Release|Any CPU.Build.0 = Release|Any CPU
	EndGlobalSection
	GlobalSection(SolutionProperties) = preSolution
		HideSolutionNode = FALSE
	EndGlobalSection
	GlobalSection(ExtensibilityGlobals) = postSolution
		SolutionGuid = {BDF59CF5-AC8C-4E00-BCBC-C806EB6EF8FC}
	EndGlobalSection
EndGlobal
